
Microsoft Visual Studio Solution File, Format Version 12.00
# Visual Studio Version 16
VisualStudioVersion = 16.0.29230.47
MinimumVisualStudioVersion = 10.0.40219.1
Project("{FAE04EC0-301F-11D3-BF4B-00C04F79EFBC}") = "WpfApp1", "WpfApp1\WpfApp1.csproj", "{CCB72844-1FD3-4377-BD7D-7BD59607FBFD}"
EndProject
Global
	GlobalSection(SolutionConfigurationPlatforms) = preSolution
		Debug|Any CPU = Debug|Any CPU
		Release|Any CPU = Release|Any CPU
	EndGlobalSection
	GlobalSection(ProjectConfigurationPlatforms) = postSolution
		{CCB72844-1FD3-4377-BD7D-7BD59607FBFD}.Debug|Any CPU.ActiveCfg = Debug|Any CPU
		{CCB72844-1FD3-4377-BD7D-7BD59607FBFD}.Debug|Any CPU.Build.0 = Debug|Any CPU
		{CCB72844-1FD3-4377-BD7D-7BD59607FBFD}.Release|Any CPU.ActiveCfg = Release|Any CPU
		{CCB72844-1FD3-4377-BD7D-7BD59607FBFD}.Release|Any CPU.Build.0 = Release|Any CPU
	EndGlobalSection
	GlobalSection(SolutionProperties) = preSolution
		HideSolutionNode = FALSE
	EndGlobalSection
	GlobalSection(ExtensibilityGlobals) = postSolution
		SolutionGuid = {79CC7F63-8ADD-443F-8B66-FE8A45165E65}
	EndGlobalSection
EndGlobal
